// !$*UTF8*$!
{
	archiveVersion = 1;
	classes = {
	};
	objectVersion = 50;
	objects = {

/* Begin PBXBuildFile section */
		9FFE404B21F9A70B00F7D157 /* AppDelegate.swift in Sources */ = {isa = PBXBuildFile; fileRef = 9FFE404A21F9A70B00F7D157 /* AppDelegate.swift */; };
		9FFE404D21F9A70B00F7D157 /* ViewController.swift in Sources */ = {isa = PBXBuildFile; fileRef = 9FFE404C21F9A70B00F7D157 /* ViewController.swift */; };
		9FFE405021F9A70B00F7D157 /* Main.storyboard in Resources */ = {isa = PBXBuildFile; fileRef = 9FFE404E21F9A70B00F7D157 /* Main.storyboard */; };
		9FFE405221F9A71200F7D157 /* Assets.xcassets in Resources */ = {isa = PBXBuildFile; fileRef = 9FFE405121F9A71200F7D157 /* Assets.xcassets */; };
		9FFE405521F9A71200F7D157 /* LaunchScreen.storyboard in Resources */ = {isa = PBXBuildFile; fileRef = 9FFE405321F9A71200F7D157 /* LaunchScreen.storyboard */; };
		9FFE406021F9A71200F7D157 /* LoginTests.swift in Sources */ = {isa = PBXBuildFile; fileRef = 9FFE405F21F9A71200F7D157 /* LoginTests.swift */; };
		9FFE406B21F9A71200F7D157 /* LoginUITests.swift in Sources */ = {isa = PBXBuildFile; fileRef = 9FFE406A21F9A71200F7D157 /* LoginUITests.swift */; };
/* End PBXBuildFile section */

/* Begin PBXContainerItemProxy section */
		9FFE405C21F9A71200F7D157 /* PBXContainerItemProxy */ = {
			isa = PBXContainerItemProxy;
			containerPortal = 9FFE403F21F9A70B00F7D157 /* Project object */;
			proxyType = 1;
			remoteGlobalIDString = 9FFE404621F9A70B00F7D157;
			remoteInfo = Login;
		};
		9FFE406721F9A71200F7D157 /* PBXContainerItemProxy */ = {
			isa = PBXContainerItemProxy;
			containerPortal = 9FFE403F21F9A70B00F7D157 /* Project object */;
			proxyType = 1;
			remoteGlobalIDString = 9FFE404621F9A70B00F7D157;
			remoteInfo = Login;
		};
/* End PBXContainerItemProxy section */

/* Begin PBXFileReference section */
		9FFE404721F9A70B00F7D157 /* Login.app */ = {isa = PBXFileReference; explicitFileType = wrapper.application; includeInIndex = 0; path = Login.app; sourceTree = BUILT_PRODUCTS_DIR; };
		9FFE404A21F9A70B00F7D157 /* AppDelegate.swift */ = {isa = PBXFileReference; lastKnownFileType = sourcecode.swift; path = AppDelegate.swift; sourceTree = "<group>"; };
		9FFE404C21F9A70B00F7D157 /* ViewController.swift */ = {isa = PBXFileReference; lastKnownFileType = sourcecode.swift; path = ViewController.swift; sourceTree = "<group>"; };
		9FFE404F21F9A70B00F7D157 /* Base */ = {isa = PBXFileReference; lastKnownFileType = file.storyboard; name = Base; path = Base.lproj/Main.storyboard; sourceTree = "<group>"; };
		9FFE405121F9A71200F7D157 /* Assets.xcassets */ = {isa = PBXFileReference; lastKnownFileType = folder.assetcatalog; path = Assets.xcassets; sourceTree = "<group>"; };
		9FFE405421F9A71200F7D157 /* Base */ = {isa = PBXFileReference; lastKnownFileType = file.storyboard; name = Base; path = Base.lproj/LaunchScreen.storyboard; sourceTree = "<group>"; };
		9FFE405621F9A71200F7D157 /* Info.plist */ = {isa = PBXFileReference; lastKnownFileType = text.plist.xml; path = Info.plist; sourceTree = "<group>"; };
		9FFE405B21F9A71200F7D157 /* LoginTests.xctest */ = {isa = PBXFileReference; explicitFileType = wrapper.cfbundle; includeInIndex = 0; path = LoginTests.xctest; sourceTree = BUILT_PRODUCTS_DIR; };
		9FFE405F21F9A71200F7D157 /* LoginTests.swift */ = {isa = PBXFileReference; lastKnownFileType = sourcecode.swift; path = LoginTests.swift; sourceTree = "<group>"; };
		9FFE406121F9A71200F7D157 /* Info.plist */ = {isa = PBXFileReference; lastKnownFileType = text.plist.xml; path = Info.plist; sourceTree = "<group>"; };
		9FFE406621F9A71200F7D157 /* LoginUITests.xctest */ = {isa = PBXFileReference; explicitFileType = wrapper.cfbundle; includeInIndex = 0; path = LoginUITests.xctest; sourceTree = BUILT_PRODUCTS_DIR; };
		9FFE406A21F9A71200F7D157 /* LoginUITests.swift */ = {isa = PBXFileReference; lastKnownFileType = sourcecode.swift; path = LoginUITests.swift; sourceTree = "<group>"; };
		9FFE406C21F9A71200F7D157 /* Info.plist */ = {isa = PBXFileReference; lastKnownFileType = text.plist.xml; path = Info.plist; sourceTree = "<group>"; };
/* End PBXFileReference section */

/* Begin PBXFrameworksBuildPhase section */
		9FFE404421F9A70B00F7D157 /* Frameworks */ = {
			isa = PBXFrameworksBuildPhase;
			buildActionMask = 2147483647;
			files = (
			);
			runOnlyForDeploymentPostprocessing = 0;
		};
		9FFE405821F9A71200F7D157 /* Frameworks */ = {
			isa = PBXFrameworksBuildPhase;
			buildActionMask = 2147483647;
			files = (
			);
			runOnlyForDeploymentPostprocessing = 0;
		};
		9FFE406321F9A71200F7D157 /* Frameworks */ = {
			isa = PBXFrameworksBuildPhase;
			buildActionMask = 2147483647;
			files = (
			);
			runOnlyForDeploymentPostprocessing = 0;
		};
/* End PBXFrameworksBuildPhase section */

/* Begin PBXGroup section */
		9FFE403E21F9A70B00F7D157 = {
			isa = PBXGroup;
			children = (
				9FFE404921F9A70B00F7D157 /* Login */,
				9FFE405E21F9A71200F7D157 /* LoginTests */,
				9FFE406921F9A71200F7D157 /* LoginUITests */,
				9FFE404821F9A70B00F7D157 /* Products */,
			);
			sourceTree = "<group>";
		};
		9FFE404821F9A70B00F7D157 /* Products */ = {
			isa = PBXGroup;
			children = (
				9FFE404721F9A70B00F7D157 /* Login.app */,
				9FFE405B21F9A71200F7D157 /* LoginTests.xctest */,
				9FFE406621F9A71200F7D157 /* LoginUITests.xctest */,
			);
			name = Products;
			sourceTree = "<group>";
		};
		9FFE404921F9A70B00F7D157 /* Login */ = {
			isa = PBXGroup;
			children = (
				9FFE404A21F9A70B00F7D157 /* AppDelegate.swift */,
				9FFE404C21F9A70B00F7D157 /* ViewController.swift */,
				9FFE404E21F9A70B00F7D157 /* Main.storyboard */,
				9FFE405121F9A71200F7D157 /* Assets.xcassets */,
				9FFE405321F9A71200F7D157 /* LaunchScreen.storyboard */,
				9FFE405621F9A71200F7D157 /* Info.plist */,
			);
			path = Login;
			sourceTree = "<group>";
		};
		9FFE405E21F9A71200F7D157 /* LoginTests */ = {
			isa = PBXGroup;
			children = (
				9FFE405F21F9A71200F7D157 /* LoginTests.swift */,
				9FFE406121F9A71200F7D157 /* Info.plist */,
			);
			path = LoginTests;
			sourceTree = "<group>";
		};
		9FFE406921F9A71200F7D157 /* LoginUITests */ = {
			isa = PBXGroup;
			children = (
				9FFE406A21F9A71200F7D157 /* LoginUITests.swift */,
				9FFE406C21F9A71200F7D157 /* Info.plist */,
			);
			path = LoginUITests;
			sourceTree = "<group>";
		};
/* End PBXGroup section */

/* Begin PBXNativeTarget section */
		9FFE404621F9A70B00F7D157 /* Login */ = {
			isa = PBXNativeTarget;
			buildConfigurationList = 9FFE406F21F9A71200F7D157 /* Build configuration list for PBXNativeTarget "Login" */;
			buildPhases = (
				9FFE404321F9A70B00F7D157 /* Sources */,
				9FFE404421F9A70B00F7D157 /* Frameworks */,
				9FFE404521F9A70B00F7D157 /* Resources */,
			);
			buildRules = (
			);
			dependencies = (
			);
			name = Login;
			productName = Login;
			productReference = 9FFE404721F9A70B00F7D157 /* Login.app */;
			productType = "com.apple.product-type.application";
		};
		9FFE405A21F9A71200F7D157 /* LoginTests */ = {
			isa = PBXNativeTarget;
			buildConfigurationList = 9FFE407221F9A71200F7D157 /* Build configuration list for PBXNativeTarget "LoginTests" */;
			buildPhases = (
				9FFE405721F9A71200F7D157 /* Sources */,
				9FFE405821F9A71200F7D157 /* Frameworks */,
				9FFE405921F9A71200F7D157 /* Resources */,
			);
			buildRules = (
			);
			dependencies = (
				9FFE405D21F9A71200F7D157 /* PBXTargetDependency */,
			);
			name = LoginTests;
			productName = LoginTests;
			productReference = 9FFE405B21F9A71200F7D157 /* LoginTests.xctest */;
			productType = "com.apple.product-type.bundle.unit-test";
		};
		9FFE406521F9A71200F7D157 /* LoginUITests */ = {
			isa = PBXNativeTarget;
			buildConfigurationList = 9FFE407521F9A71200F7D157 /* Build configuration list for PBXNativeTarget "LoginUITests" */;
			buildPhases = (
				9FFE406221F9A71200F7D157 /* Sources */,
				9FFE406321F9A71200F7D157 /* Frameworks */,
				9FFE406421F9A71200F7D157 /* Resources */,
			);
			buildRules = (
			);
			dependencies = (
				9FFE406821F9A71200F7D157 /* PBXTargetDependency */,
			);
			name = LoginUITests;
			productName = LoginUITests;
			productReference = 9FFE406621F9A71200F7D157 /* LoginUITests.xctest */;
			productType = "com.apple.product-type.bundle.ui-testing";
		};
/* End PBXNativeTarget section */

/* Begin PBXProject section */
		9FFE403F21F9A70B00F7D157 /* Project object */ = {
			isa = PBXProject;
			attributes = {
				LastSwiftUpdateCheck = 1010;
				LastUpgradeCheck = 1010;
				ORGANIZATIONNAME = ph7164;
				TargetAttributes = {
					9FFE404621F9A70B00F7D157 = {
						CreatedOnToolsVersion = 10.1;
					};
					9FFE405A21F9A71200F7D157 = {
						CreatedOnToolsVersion = 10.1;
						TestTargetID = 9FFE404621F9A70B00F7D157;
					};
					9FFE406521F9A71200F7D157 = {
						CreatedOnToolsVersion = 10.1;
						TestTargetID = 9FFE404621F9A70B00F7D157;
					};
				};
			};
			buildConfigurationList = 9FFE404221F9A70B00F7D157 /* Build configuration list for PBXProject "Login" */;
			compatibilityVersion = "Xcode 9.3";
			developmentRegion = en;
			hasScannedForEncodings = 0;
			knownRegions = (
				en,
				Base,
			);
			mainGroup = 9FFE403E21F9A70B00F7D157;
			productRefGroup = 9FFE404821F9A70B00F7D157 /* Products */;
			projectDirPath = "";
			projectRoot = "";
			targets = (
				9FFE404621F9A70B00F7D157 /* Login */,
				9FFE405A21F9A71200F7D157 /* LoginTests */,
				9FFE406521F9A71200F7D157 /* LoginUITests */,
			);
		};
/* End PBXProject section */

/* Begin PBXResourcesBuildPhase section */
		9FFE404521F9A70B00F7D157 /* Resources */ = {
			isa = PBXResourcesBuildPhase;
			buildActionMask = 2147483647;
			files = (
				9FFE405521F9A71200F7D157 /* LaunchScreen.storyboard in Resources */,
				9FFE405221F9A71200F7D157 /* Assets.xcassets in Resources */,
				9FFE405021F9A70B00F7D157 /* Main.storyboard in Resources */,
			);
			runOnlyForDeploymentPostprocessing = 0;
		};
		9FFE405921F9A71200F7D157 /* Resources */ = {
			isa = PBXResourcesBuildPhase;
			buildActionMask = 2147483647;
			files = (
			);
			runOnlyForDeploymentPostprocessing = 0;
		};
		9FFE406421F9A71200F7D157 /* Resources */ = {
			isa = PBXResourcesBuildPhase;
			buildActionMask = 2147483647;
			files = (
			);
			runOnlyForDeploymentPostprocessing = 0;
		};
/* End PBXResourcesBuildPhase section */

/* Begin PBXSourcesBuildPhase section */
		9FFE404321F9A70B00F7D157 /* Sources */ = {
			isa = PBXSourcesBuildPhase;
			buildActionMask = 2147483647;
			files = (
				9FFE404D21F9A70B00F7D157 /* ViewController.swift in Sources */,
				9FFE404B21F9A70B00F7D157 /* AppDelegate.swift in Sources */,
			);
			runOnlyForDeploymentPostprocessing = 0;
		};
		9FFE405721F9A71200F7D157 /* Sources */ = {
			isa = PBXSourcesBuildPhase;
			buildActionMask = 2147483647;
			files = (
				9FFE406021F9A71200F7D157 /* LoginTests.swift in Sources */,
			);
			runOnlyForDeploymentPostprocessing = 0;
		};
		9FFE406221F9A71200F7D157 /* Sources */ = {
			isa = PBXSourcesBuildPhase;
			buildActionMask = 2147483647;
			files = (
				9FFE406B21F9A71200F7D157 /* LoginUITests.swift in Sources */,
			);
			runOnlyForDeploymentPostprocessing = 0;
		};
/* End PBXSourcesBuildPhase section */

/* Begin PBXTargetDependency section */
		9FFE405D21F9A71200F7D157 /* PBXTargetDependency */ = {
			isa = PBXTargetDependency;
			target = 9FFE404621F9A70B00F7D157 /* Login */;
			targetProxy = 9FFE405C21F9A71200F7D157 /* PBXContainerItemProxy */;
		};
		9FFE406821F9A71200F7D157 /* PBXTargetDependency */ = {
			isa = PBXTargetDependency;
			target = 9FFE404621F9A70B00F7D157 /* Login */;
			targetProxy = 9FFE406721F9A71200F7D157 /* PBXContainerItemProxy */;
		};
/* End PBXTargetDependency section */

/* Begin PBXVariantGroup section */
		9FFE404E21F9A70B00F7D157 /* Main.storyboard */ = {
			isa = PBXVariantGroup;
			children = (
				9FFE404F21F9A70B00F7D157 /* Base */,
			);
			name = Main.storyboard;
			sourceTree = "<group>";
		};
		9FFE405321F9A71200F7D157 /* LaunchScreen.storyboard */ = {
			isa = PBXVariantGroup;
			children = (
				9FFE405421F9A71200F7D157 /* Base */,
			);
			name = LaunchScreen.storyboard;
			sourceTree = "<group>";
		};
/* End PBXVariantGroup section */

/* Begin XCBuildConfiguration section */
		9FFE406D21F9A71200F7D157 /* Debug */ = {
			isa = XCBuildConfiguration;
			buildSettings = {
				ALWAYS_SEARCH_USER_PATHS = NO;
				CLANG_ANALYZER_NONNULL = YES;
				CLANG_ANALYZER_NUMBER_OBJECT_CONVERSION = YES_AGGRESSIVE;
				CLANG_CXX_LANGUAGE_STANDARD = "gnu++14";
				CLANG_CXX_LIBRARY = "libc++";
				CLANG_ENABLE_MODULES = YES;
				CLANG_ENABLE_OBJC_ARC = YES;
				CLANG_ENABLE_OBJC_WEAK = YES;
				CLANG_WARN_BLOCK_CAPTURE_AUTORELEASING = YES;
				CLANG_WARN_BOOL_CONVERSION = YES;
				CLANG_WARN_COMMA = YES;
				CLANG_WARN_CONSTANT_CONVERSION = YES;
				CLANG_WARN_DEPRECATED_OBJC_IMPLEMENTATIONS = YES;
				CLANG_WARN_DIRECT_OBJC_ISA_USAGE = YES_ERROR;
				CLANG_WARN_DOCUMENTATION_COMMENTS = YES;
				CLANG_WARN_EMPTY_BODY = YES;
				CLANG_WARN_ENUM_CONVERSION = YES;
				CLANG_WARN_INFINITE_RECURSION = YES;
				CLANG_WARN_INT_CONVERSION = YES;
				CLANG_WARN_NON_LITERAL_NULL_CONVERSION = YES;
				CLANG_WARN_OBJC_IMPLICIT_RETAIN_SELF = YES;
				CLANG_WARN_OBJC_LITERAL_CONVERSION = YES;
				CLANG_WARN_OBJC_ROOT_CLASS = YES_ERROR;
				CLANG_WARN_RANGE_LOOP_ANALYSIS = YES;
				CLANG_WARN_STRICT_PROTOTYPES = YES;
				CLANG_WARN_SUSPICIOUS_MOVE = YES;
				CLANG_WARN_UNGUARDED_AVAILABILITY = YES_AGGRESSIVE;
				CLANG_WARN_UNREACHABLE_CODE = YES;
				CLANG_WARN__DUPLICATE_METHOD_MATCH = YES;
				CODE_SIGN_IDENTITY = "iPhone Developer";
				COPY_PHASE_STRIP = NO;
				DEBUG_INFORMATION_FORMAT = dwarf;
				ENABLE_STRICT_OBJC_MSGSEND = YES;
				ENABLE_TESTABILITY = YES;
				GCC_C_LANGUAGE_STANDARD = gnu11;
				GCC_DYNAMIC_NO_PIC = NO;
				GCC_NO_COMMON_BLOCKS = YES;
				GCC_OPTIMIZATION_LEVEL = 0;
				GCC_PREPROCESSOR_DEFINITIONS = (
					"DEBUG=1",
					"$(inherited)",
				);
				GCC_WARN_64_TO_32_BIT_CONVERSION = YES;
				GCC_WARN_ABOUT_RETURN_TYPE = YES_ERROR;
				GCC_WARN_UNDECLARED_SELECTOR = YES;
				GCC_WARN_UNINITIALIZED_AUTOS = YES_AGGRESSIVE;
				GCC_WARN_UNUSED_FUNCTION = YES;
				GCC_WARN_UNUSED_VARIABLE = YES;
				IPHONEOS_DEPLOYMENT_TARGET = 12.1;
				MTL_ENABLE_DEBUG_INFO = INCLUDE_SOURCE;
				MTL_FAST_MATH = YES;
				ONLY_ACTIVE_ARCH = YES;
				SDKROOT = iphoneos;
				SWIFT_ACTIVE_COMPILATION_CONDITIONS = DEBUG;
				SWIFT_OPTIMIZATION_LEVEL = "-Onone";
			};
			name = Debug;
		};
		9FFE406E21F9A71200F7D157 /* Release */ = {
			isa = XCBuildConfiguration;
			buildSettings = {
				ALWAYS_SEARCH_USER_PATHS = NO;
				CLANG_ANALYZER_NONNULL = YES;
				CLANG_ANALYZER_NUMBER_OBJECT_CONVERSION = YES_AGGRESSIVE;
				CLANG_CXX_LANGUAGE_STANDARD = "gnu++14";
				CLANG_CXX_LIBRARY = "libc++";
				CLANG_ENABLE_MODULES = YES;
				CLANG_ENABLE_OBJC_ARC = YES;
				CLANG_ENABLE_OBJC_WEAK = YES;
				CLANG_WARN_BLOCK_CAPTURE_AUTORELEASING = YES;
				CLANG_WARN_BOOL_CONVERSION = YES;
				CLANG_WARN_COMMA = YES;
				CLANG_WARN_CONSTANT_CONVERSION = YES;
				CLANG_WARN_DEPRECATED_OBJC_IMPLEMENTATIONS = YES;
				CLANG_WARN_DIRECT_OBJC_ISA_USAGE = YES_ERROR;
				CLANG_WARN_DOCUMENTATION_COMMENTS = YES;
				CLANG_WARN_EMPTY_BODY = YES;
				CLANG_WARN_ENUM_CONVERSION = YES;
				CLANG_WARN_INFINITE_RECURSION = YES;
				CLANG_WARN_INT_CONVERSION = YES;
				CLANG_WARN_NON_LITERAL_NULL_CONVERSION = YES;
				CLANG_WARN_OBJC_IMPLICIT_RETAIN_SELF = YES;
				CLANG_WARN_OBJC_LITERAL_CONVERSION = YES;
				CLANG_WARN_OBJC_ROOT_CLASS = YES_ERROR;
				CLANG_WARN_RANGE_LOOP_ANALYSIS = YES;
				CLANG_WARN_STRICT_PROTOTYPES = YES;
				CLANG_WARN_SUSPICIOUS_MOVE = YES;
				CLANG_WARN_UNGUARDED_AVAILABILITY = YES_AGGRESSIVE;
				CLANG_WARN_UNREACHABLE_CODE = YES;
				CLANG_WARN__DUPLICATE_METHOD_MATCH = YES;
				CODE_SIGN_IDENTITY = "iPhone Developer";
				COPY_PHASE_STRIP = NO;
				DEBUG_INFORMATION_FORMAT = "dwarf-with-dsym";
				ENABLE_NS_ASSERTIONS = NO;
				ENABLE_STRICT_OBJC_MSGSEND = YES;
				GCC_C_LANGUAGE_STANDARD = gnu11;
				GCC_NO_COMMON_BLOCKS = YES;
				GCC_WARN_64_TO_32_BIT_CONVERSION = YES;
				GCC_WARN_ABOUT_RETURN_TYPE = YES_ERROR;
				GCC_WARN_UNDECLARED_SELECTOR = YES;
				GCC_WARN_UNINITIALIZED_AUTOS = YES_AGGRESSIVE;
				GCC_WARN_UNUSED_FUNCTION = YES;
				GCC_WARN_UNUSED_VARIABLE = YES;
				IPHONEOS_DEPLOYMENT_TARGET = 12.1;
				MTL_ENABLE_DEBUG_INFO = NO;
				MTL_FAST_MATH = YES;
				SDKROOT = iphoneos;
				SWIFT_COMPILATION_MODE = wholemodule;
				SWIFT_OPTIMIZATION_LEVEL = "-O";
				VALIDATE_PRODUCT = YES;
			};
			name = Release;
		};
		9FFE407021F9A71200F7D157 /* Debug */ = {
			isa = XCBuildConfiguration;
			buildSettings = {
				ASSETCATALOG_COMPILER_APPICON_NAME = AppIcon;
				CODE_SIGN_STYLE = Automatic;
				INFOPLIST_FILE = Login/Info.plist;
				LD_RUNPATH_SEARCH_PATHS = (
					"$(inherited)",
					"@executable_path/Frameworks",
				);
				PRODUCT_BUNDLE_IDENTIFIER = org.techtown.Login;
				PRODUCT_NAME = "$(TARGET_NAME)";
				SWIFT_VERSION = 4.2;
				TARGETED_DEVICE_FAMILY = "1,2";
			};
			name = Debug;
		};
		9FFE407121F9A71200F7D157 /* Release */ = {
			isa = XCBuildConfiguration;
			buildSettings = {
				ASSETCATALOG_COMPILER_APPICON_NAME = AppIcon;
				CODE_SIGN_STYLE = Automatic;
				INFOPLIST_FILE = Login/Info.plist;
				LD_RUNPATH_SEARCH_PATHS = (
					"$(inherited)",
					"@executable_path/Frameworks",
				);
				PRODUCT_BUNDLE_IDENTIFIER = org.techtown.Login;
				PRODUCT_NAME = "$(TARGET_NAME)";
				SWIFT_VERSION = 4.2;
				TARGETED_DEVICE_FAMILY = "1,2";
			};
			name = Release;
		};
		9FFE407321F9A71200F7D157 /* Debug */ = {
			isa = XCBuildConfiguration;
			buildSettings = {
				ALWAYS_EMBED_SWIFT_STANDARD_LIBRARIES = YES;
				BUNDLE_LOADER = "$(TEST_HOST)";
				CODE_SIGN_STYLE = Automatic;
				INFOPLIST_FILE = LoginTests/Info.plist;
				LD_RUNPATH_SEARCH_PATHS = (
					"$(inherited)",
					"@executable_path/Frameworks",
					"@loader_path/Frameworks",
				);
				PRODUCT_BUNDLE_IDENTIFIER = org.techtown.LoginTests;
				PRODUCT_NAME = "$(TARGET_NAME)";
				SWIFT_VERSION = 4.2;
				TARGETED_DEVICE_FAMILY = "1,2";
				TEST_HOST = "$(BUILT_PRODUCTS_DIR)/Login.app/Login";
			};
			name = Debug;
		};
		9FFE407421F9A71200F7D157 /* Release */ = {
			isa = XCBuildConfiguration;
			buildSettings = {
				ALWAYS_EMBED_SWIFT_STANDARD_LIBRARIES = YES;
				BUNDLE_LOADER = "$(TEST_HOST)";
				CODE_SIGN_STYLE = Automatic;
				INFOPLIST_FILE = LoginTests/Info.plist;
				LD_RUNPATH_SEARCH_PATHS = (
					"$(inherited)",
					"@executable_path/Frameworks",
					"@loader_path/Frameworks",
				);
				PRODUCT_BUNDLE_IDENTIFIER = org.techtown.LoginTests;
				PRODUCT_NAME = "$(TARGET_NAME)";
				SWIFT_VERSION = 4.2;
				TARGETED_DEVICE_FAMILY = "1,2";
				TEST_HOST = "$(BUILT_PRODUCTS_DIR)/Login.app/Login";
			};
			name = Release;
		};
		9FFE407621F9A71200F7D157 /* Debug */ = {
			isa = XCBuildConfiguration;
			buildSettings = {
				ALWAYS_EMBED_SWIFT_STANDARD_LIBRARIES = YES;
				CODE_SIGN_STYLE = Automatic;
				INFOPLIST_FILE = LoginUITests/Info.plist;
				LD_RUNPATH_SEARCH_PATHS = (
					"$(inherited)",
					"@executable_path/Frameworks",
					"@loader_path/Frameworks",
				);
				PRODUCT_BUNDLE_IDENTIFIER = org.techtown.LoginUITests;
				PRODUCT_NAME = "$(TARGET_NAME)";
				SWIFT_VERSION = 4.2;
				TARGETED_DEVICE_FAMILY = "1,2";
				TEST_TARGET_NAME = Login;
			};
			name = Debug;
		};
		9FFE407721F9A71200F7D157 /* Release */ = {
			isa = XCBuildConfiguration;
			buildSettings = {
				ALWAYS_EMBED_SWIFT_STANDARD_LIBRARIES = YES;
				CODE_SIGN_STYLE = Automatic;
				INFOPLIST_FILE = LoginUITests/Info.plist;
				LD_RUNPATH_SEARCH_PATHS = (
					"$(inherited)",
					"@executable_path/Frameworks",
					"@loader_path/Frameworks",
				);
				PRODUCT_BUNDLE_IDENTIFIER = org.techtown.LoginUITests;
				PRODUCT_NAME = "$(TARGET_NAME)";
				SWIFT_VERSION = 4.2;
				TARGETED_DEVICE_FAMILY = "1,2";
				TEST_TARGET_NAME = Login;
			};
			name = Release;
		};
/* End XCBuildConfiguration section */

/* Begin XCConfigurationList section */
		9FFE404221F9A70B00F7D157 /* Build configuration list for PBXProject "Login" */ = {
			isa = XCConfigurationList;
			buildConfigurations = (
				9FFE406D21F9A71200F7D157 /* Debug */,
				9FFE406E21F9A71200F7D157 /* Release */,
			);
			defaultConfigurationIsVisible = 0;
			defaultConfigurationName = Release;
		};
		9FFE406F21F9A71200F7D157 /* Build configuration list for PBXNativeTarget "Login" */ = {
			isa = XCConfigurationList;
			buildConfigurations = (
				9FFE407021F9A71200F7D157 /* Debug */,
				9FFE407121F9A71200F7D157 /* Release */,
			);
			defaultConfigurationIsVisible = 0;
			defaultConfigurationName = Release;
		};
		9FFE407221F9A71200F7D157 /* Build configuration list for PBXNativeTarget "LoginTests" */ = {
			isa = XCConfigurationList;
			buildConfigurations = (
				9FFE407321F9A71200F7D157 /* Debug */,
				9FFE407421F9A71200F7D157 /* Release */,
			);
			defaultConfigurationIsVisible = 0;
			defaultConfigurationName = Release;
		};
		9FFE407521F9A71200F7D157 /* Build configuration list for PBXNativeTarget "LoginUITests" */ = {
			isa = XCConfigurationList;
			buildConfigurations = (
				9FFE407621F9A71200F7D157 /* Debug */,
				9FFE407721F9A71200F7D157 /* Release */,
			);
			defaultConfigurationIsVisible = 0;
			defaultConfigurationName = Release;
		};
/* End XCConfigurationList section */
	};
	rootObject = 9FFE403F21F9A70B00F7D157 /* Project object */;
}
